<?xml version="1.0" encoding="utf-8"?>
<Project ToolsVersion="4.0" xmlns="http://schemas.microsoft.com/developer/msbuild/2003">
  <ItemGroup>
    <CudaCompile Include="cRenderClass.cu">
      <Filter>Source</Filter>
    </CudaCompile>
    <CudaCompile Include="GraphicsTemplate.cu">
      <Filter>Source</Filter>
    </CudaCompile>
    <CudaCompile Include="NA_Boid.cu">
      <Filter>Source</Filter>
    </CudaCompile>
    <CudaCompile Include="NA_LinkedListNode.cu">
      <Filter>Source</Filter>
    </CudaCompile>
    <CudaCompile Include="NA_MathsLib.cu">
      <Filter>Source</Filter>
    </CudaCompile>
    <CudaCompile Include="NA_Matrix.cu">
      <Filter>Source</Filter>
    </CudaCompile>
    <CudaCompile Include="NA_Queue.cu">
      <Filter>Source</Filter>
    </CudaCompile>
    <CudaCompile Include="NA_Return.cu">
      <Filter>Source</Filter>
    </CudaCompile>
    <CudaCompile Include="NA_Stack.cu">
      <Filter>Source</Filter>
    </CudaCompile>
    <CudaCompile Include="NA_Timer.cu">
      <Filter>Source</Filter>
    </CudaCompile>
    <CudaCompile Include="NA_Vector.cu">
      <Filter>Source</Filter>
    </CudaCompile>
  </ItemGroup>
  <ItemGroup>
    <Filter Include="Header">
      <UniqueIdentifier>{1dbbbc01-52ad-4381-81ac-7dc75bcc3417}</UniqueIdentifier>
      <Extensions>h;cuh;</Extensions>
    </Filter>
    <Filter Include="Source">
      <UniqueIdentifier>{8357039c-af74-40eb-a7a1-c0221be17b13}</UniqueIdentifier>
      <Extensions>cpp;cu;</Extensions>
    </Filter>
  </ItemGroup>
  <ItemGroup>
    <ClInclude Include="cRenderClass.cuh">
      <Filter>Header</Filter>
    </ClInclude>
    <ClInclude Include="globals.cuh">
      <Filter>Header</Filter>
    </ClInclude>
    <ClInclude Include="NA_Boid.cuh">
      <Filter>Header</Filter>
    </ClInclude>
    <ClInclude Include="NA_LinkedListNode.cuh">
      <Filter>Header</Filter>
    </ClInclude>
    <ClInclude Include="NA_MathsLib.cuh">
      <Filter>Header</Filter>
    </ClInclude>
    <ClInclude Include="NA_Matrix.cuh">
      <Filter>Header</Filter>
    </ClInclude>
    <ClInclude Include="NA_Queue.cuh">
      <Filter>Header</Filter>
    </ClInclude>
    <ClInclude Include="NA_Return.cuh">
      <Filter>Header</Filter>
    </ClInclude>
    <ClInclude Include="NA_Stack.cuh">
      <Filter>Header</Filter>
    </ClInclude>
    <ClInclude Include="NA_Timer.cuh">
      <Filter>Header</Filter>
    </ClInclude>
    <ClInclude Include="NA_Vector.cuh">
      <Filter>Header</Filter>
    </ClInclude>
  </ItemGroup>
</Project>