<?xml version="1.0" encoding="utf-8"?>
<Project ToolsVersion="4.0" xmlns="http://schemas.microsoft.com/developer/msbuild/2003">
  <ItemGroup>
    <CudaCompile Include="GraphicsTemplate.cu">
      <Filter>Source</Filter>
    </CudaCompile>
    <CudaCompile Include="NA_MathsLib.cu">
      <Filter>Source</Filter>
    </CudaCompile>
  </ItemGroup>
  <ItemGroup>
    <Filter Include="Header">
      <UniqueIdentifier>{1dbbbc01-52ad-4381-81ac-7dc75bcc3417}</UniqueIdentifier>
      <Extensions>h;cuh;</Extensions>
    </Filter>
    <Filter Include="Source">
      <UniqueIdentifier>{8357039c-af74-40eb-a7a1-c0221be17b13}</UniqueIdentifier>
      <Extensions>cpp;cu;</Extensions>
    </Filter>
  </ItemGroup>
  <ItemGroup>
    <ClInclude Include="globals.cuh">
      <Filter>Header</Filter>
    </ClInclude>
    <ClInclude Include="NA_MathsLib.cuh">
      <Filter>Header</Filter>
    </ClInclude>
  </ItemGroup>
</Project>